// !$*UTF8*$!
{
	archiveVersion = 1;
	classes = {
	};
	objectVersion = 50;
	objects = {

/* Begin PBXBuildFile section */
		49A0449722D9E17700FFB1DE /* AppDelegate.swift in Sources */ = {isa = PBXBuildFile; fileRef = 49A0449622D9E17700FFB1DE /* AppDelegate.swift */; };
		49A0449922D9E17700FFB1DE /* InitialInputViewController.swift in Sources */ = {isa = PBXBuildFile; fileRef = 49A0449822D9E17700FFB1DE /* InitialInputViewController.swift */; };
		49A0449E22D9E17800FFB1DE /* Assets.xcassets in Resources */ = {isa = PBXBuildFile; fileRef = 49A0449D22D9E17800FFB1DE /* Assets.xcassets */; };
		49A044A122D9E17800FFB1DE /* LaunchScreen.storyboard in Resources */ = {isa = PBXBuildFile; fileRef = 49A0449F22D9E17800FFB1DE /* LaunchScreen.storyboard */; };
		49A044A922D9E2D300FFB1DE /* InitialInputView.swift in Sources */ = {isa = PBXBuildFile; fileRef = 49A044A822D9E2D300FFB1DE /* InitialInputView.swift */; };
		49A044AE22D9F87500FFB1DE /* UIView+Extension.swift in Sources */ = {isa = PBXBuildFile; fileRef = 49A044AD22D9F87500FFB1DE /* UIView+Extension.swift */; };
		49A044B022D9F9B800FFB1DE /* UIViewController+Alert.swift in Sources */ = {isa = PBXBuildFile; fileRef = 49A044AF22D9F9B800FFB1DE /* UIViewController+Alert.swift */; };
		49A044B422DB2CB900FFB1DE /* InitialInputViewModel.swift in Sources */ = {isa = PBXBuildFile; fileRef = 49A044B322DB2CB900FFB1DE /* InitialInputViewModel.swift */; };
		49A044B822DB2F3100FFB1DE /* NetworkManager.swift in Sources */ = {isa = PBXBuildFile; fileRef = 49A044B722DB2F3100FFB1DE /* NetworkManager.swift */; };
		49A044BC22DB340600FFB1DE /* NetworkError.swift in Sources */ = {isa = PBXBuildFile; fileRef = 49A044BB22DB340600FFB1DE /* NetworkError.swift */; };
		49A044BF22DB342E00FFB1DE /* Constants.swift in Sources */ = {isa = PBXBuildFile; fileRef = 49A044BE22DB342E00FFB1DE /* Constants.swift */; };
		49A044C122DB345A00FFB1DE /* NetworkConstants.swift in Sources */ = {isa = PBXBuildFile; fileRef = 49A044C022DB345A00FFB1DE /* NetworkConstants.swift */; };
		49A044C422DB347C00FFB1DE /* Comment.swift in Sources */ = {isa = PBXBuildFile; fileRef = 49A044C322DB347C00FFB1DE /* Comment.swift */; };
		49A044C622DB50C200FFB1DE /* ListOfCommentsView.swift in Sources */ = {isa = PBXBuildFile; fileRef = 49A044C522DB50C200FFB1DE /* ListOfCommentsView.swift */; };
		49A044C822DB50CC00FFB1DE /* ListOfCommentsViewModel.swift in Sources */ = {isa = PBXBuildFile; fileRef = 49A044C722DB50CC00FFB1DE /* ListOfCommentsViewModel.swift */; };
		49A044CA22DB50DA00FFB1DE /* ListOfCommentsViewController.swift in Sources */ = {isa = PBXBuildFile; fileRef = 49A044C922DB50DA00FFB1DE /* ListOfCommentsViewController.swift */; };
		49A044CE22DB57A600FFB1DE /* CommentTableViewCell.swift in Sources */ = {isa = PBXBuildFile; fileRef = 49A044CD22DB57A600FFB1DE /* CommentTableViewCell.swift */; };
		49A044D122DB57CB00FFB1DE /* TableViewCell.swift in Sources */ = {isa = PBXBuildFile; fileRef = 49A044D022DB57CB00FFB1DE /* TableViewCell.swift */; };
		49A044D322DB588C00FFB1DE /* Reusable.swift in Sources */ = {isa = PBXBuildFile; fileRef = 49A044D222DB588C00FFB1DE /* Reusable.swift */; };
		49A044D522DB7CCF00FFB1DE /* ActivityTableViewCell.swift in Sources */ = {isa = PBXBuildFile; fileRef = 49A044D422DB7CCF00FFB1DE /* ActivityTableViewCell.swift */; };
/* End PBXBuildFile section */

/* Begin PBXFileReference section */
		49A0449322D9E17700FFB1DE /* KeyToTech.app */ = {isa = PBXFileReference; explicitFileType = wrapper.application; includeInIndex = 0; path = KeyToTech.app; sourceTree = BUILT_PRODUCTS_DIR; };
		49A0449622D9E17700FFB1DE /* AppDelegate.swift */ = {isa = PBXFileReference; lastKnownFileType = sourcecode.swift; path = AppDelegate.swift; sourceTree = "<group>"; };
		49A0449822D9E17700FFB1DE /* InitialInputViewController.swift */ = {isa = PBXFileReference; lastKnownFileType = sourcecode.swift; path = InitialInputViewController.swift; sourceTree = "<group>"; };
		49A0449D22D9E17800FFB1DE /* Assets.xcassets */ = {isa = PBXFileReference; lastKnownFileType = folder.assetcatalog; path = Assets.xcassets; sourceTree = "<group>"; };
		49A044A022D9E17800FFB1DE /* Base */ = {isa = PBXFileReference; lastKnownFileType = file.storyboard; name = Base; path = Base.lproj/LaunchScreen.storyboard; sourceTree = "<group>"; };
		49A044A222D9E17800FFB1DE /* Info.plist */ = {isa = PBXFileReference; lastKnownFileType = text.plist.xml; path = Info.plist; sourceTree = "<group>"; };
		49A044A822D9E2D300FFB1DE /* InitialInputView.swift */ = {isa = PBXFileReference; lastKnownFileType = sourcecode.swift; path = InitialInputView.swift; sourceTree = "<group>"; };
		49A044AD22D9F87500FFB1DE /* UIView+Extension.swift */ = {isa = PBXFileReference; lastKnownFileType = sourcecode.swift; path = "UIView+Extension.swift"; sourceTree = "<group>"; };
		49A044AF22D9F9B800FFB1DE /* UIViewController+Alert.swift */ = {isa = PBXFileReference; lastKnownFileType = sourcecode.swift; path = "UIViewController+Alert.swift"; sourceTree = "<group>"; };
		49A044B322DB2CB900FFB1DE /* InitialInputViewModel.swift */ = {isa = PBXFileReference; lastKnownFileType = sourcecode.swift; path = InitialInputViewModel.swift; sourceTree = "<group>"; };
		49A044B722DB2F3100FFB1DE /* NetworkManager.swift */ = {isa = PBXFileReference; lastKnownFileType = sourcecode.swift; path = NetworkManager.swift; sourceTree = "<group>"; };
		49A044BB22DB340600FFB1DE /* NetworkError.swift */ = {isa = PBXFileReference; lastKnownFileType = sourcecode.swift; path = NetworkError.swift; sourceTree = "<group>"; };
		49A044BE22DB342E00FFB1DE /* Constants.swift */ = {isa = PBXFileReference; lastKnownFileType = sourcecode.swift; path = Constants.swift; sourceTree = "<group>"; };
		49A044C022DB345A00FFB1DE /* NetworkConstants.swift */ = {isa = PBXFileReference; lastKnownFileType = sourcecode.swift; path = NetworkConstants.swift; sourceTree = "<group>"; };
		49A044C322DB347C00FFB1DE /* Comment.swift */ = {isa = PBXFileReference; lastKnownFileType = sourcecode.swift; path = Comment.swift; sourceTree = "<group>"; };
		49A044C522DB50C200FFB1DE /* ListOfCommentsView.swift */ = {isa = PBXFileReference; lastKnownFileType = sourcecode.swift; path = ListOfCommentsView.swift; sourceTree = "<group>"; };
		49A044C722DB50CC00FFB1DE /* ListOfCommentsViewModel.swift */ = {isa = PBXFileReference; lastKnownFileType = sourcecode.swift; path = ListOfCommentsViewModel.swift; sourceTree = "<group>"; };
		49A044C922DB50DA00FFB1DE /* ListOfCommentsViewController.swift */ = {isa = PBXFileReference; lastKnownFileType = sourcecode.swift; path = ListOfCommentsViewController.swift; sourceTree = "<group>"; };
		49A044CD22DB57A600FFB1DE /* CommentTableViewCell.swift */ = {isa = PBXFileReference; lastKnownFileType = sourcecode.swift; path = CommentTableViewCell.swift; sourceTree = "<group>"; };
		49A044D022DB57CB00FFB1DE /* TableViewCell.swift */ = {isa = PBXFileReference; lastKnownFileType = sourcecode.swift; path = TableViewCell.swift; sourceTree = "<group>"; };
		49A044D222DB588C00FFB1DE /* Reusable.swift */ = {isa = PBXFileReference; lastKnownFileType = sourcecode.swift; path = Reusable.swift; sourceTree = "<group>"; };
		49A044D422DB7CCF00FFB1DE /* ActivityTableViewCell.swift */ = {isa = PBXFileReference; lastKnownFileType = sourcecode.swift; path = ActivityTableViewCell.swift; sourceTree = "<group>"; };
/* End PBXFileReference section */

/* Begin PBXFrameworksBuildPhase section */
		49A0449022D9E17700FFB1DE /* Frameworks */ = {
			isa = PBXFrameworksBuildPhase;
			buildActionMask = 2147483647;
			files = (
			);
			runOnlyForDeploymentPostprocessing = 0;
		};
/* End PBXFrameworksBuildPhase section */

/* Begin PBXGroup section */
		49A0448A22D9E17700FFB1DE = {
			isa = PBXGroup;
			children = (
				49A0449522D9E17700FFB1DE /* KeyToTech */,
				49A0449422D9E17700FFB1DE /* Products */,
			);
			sourceTree = "<group>";
		};
		49A0449422D9E17700FFB1DE /* Products */ = {
			isa = PBXGroup;
			children = (
				49A0449322D9E17700FFB1DE /* KeyToTech.app */,
			);
			name = Products;
			sourceTree = "<group>";
		};
		49A0449522D9E17700FFB1DE /* KeyToTech */ = {
			isa = PBXGroup;
			children = (
				49A0449622D9E17700FFB1DE /* AppDelegate.swift */,
				49A0449D22D9E17800FFB1DE /* Assets.xcassets */,
				49A0449F22D9E17800FFB1DE /* LaunchScreen.storyboard */,
				49A044A222D9E17800FFB1DE /* Info.plist */,
				49A044BD22DB341E00FFB1DE /* Constants */,
				49A044AA22D9EA9D00FFB1DE /* Extensions */,
				49A044C222DB346B00FFB1DE /* Models */,
				49A044B622DB2F1A00FFB1DE /* Networking */,
				49A044B122DB2C8600FFB1DE /* Scenes */,
				49A044CB22DB577D00FFB1DE /* Views */,
			);
			path = KeyToTech;
			sourceTree = "<group>";
		};
		49A044AA22D9EA9D00FFB1DE /* Extensions */ = {
			isa = PBXGroup;
			children = (
				49A044D222DB588C00FFB1DE /* Reusable.swift */,
				49A044AD22D9F87500FFB1DE /* UIView+Extension.swift */,
				49A044AF22D9F9B800FFB1DE /* UIViewController+Alert.swift */,
			);
			path = Extensions;
			sourceTree = "<group>";
		};
		49A044B122DB2C8600FFB1DE /* Scenes */ = {
			isa = PBXGroup;
			children = (
				49A044B222DB2C9D00FFB1DE /* InitialInput */,
				49A044B522DB2D8400FFB1DE /* Comments */,
			);
			path = Scenes;
			sourceTree = "<group>";
		};
		49A044B222DB2C9D00FFB1DE /* InitialInput */ = {
			isa = PBXGroup;
			children = (
				49A044A822D9E2D300FFB1DE /* InitialInputView.swift */,
				49A044B322DB2CB900FFB1DE /* InitialInputViewModel.swift */,
				49A0449822D9E17700FFB1DE /* InitialInputViewController.swift */,
			);
			path = InitialInput;
			sourceTree = "<group>";
		};
		49A044B522DB2D8400FFB1DE /* Comments */ = {
			isa = PBXGroup;
			children = (
				49A044C522DB50C200FFB1DE /* ListOfCommentsView.swift */,
				49A044C722DB50CC00FFB1DE /* ListOfCommentsViewModel.swift */,
				49A044C922DB50DA00FFB1DE /* ListOfCommentsViewController.swift */,
			);
			path = Comments;
			sourceTree = "<group>";
		};
		49A044B622DB2F1A00FFB1DE /* Networking */ = {
			isa = PBXGroup;
			children = (
				49A044C022DB345A00FFB1DE /* NetworkConstants.swift */,
				49A044BB22DB340600FFB1DE /* NetworkError.swift */,
				49A044B722DB2F3100FFB1DE /* NetworkManager.swift */,
			);
			path = Networking;
			sourceTree = "<group>";
		};
		49A044BD22DB341E00FFB1DE /* Constants */ = {
			isa = PBXGroup;
			children = (
				49A044BE22DB342E00FFB1DE /* Constants.swift */,
			);
			path = Constants;
			sourceTree = "<group>";
		};
		49A044C222DB346B00FFB1DE /* Models */ = {
			isa = PBXGroup;
			children = (
				49A044C322DB347C00FFB1DE /* Comment.swift */,
			);
			path = Models;
			sourceTree = "<group>";
		};
		49A044CB22DB577D00FFB1DE /* Views */ = {
			isa = PBXGroup;
			children = (
				49A044CF22DB57BF00FFB1DE /* Base */,
				49A044CC22DB578E00FFB1DE /* TableViewCells */,
			);
			path = Views;
			sourceTree = "<group>";
		};
		49A044CC22DB578E00FFB1DE /* TableViewCells */ = {
			isa = PBXGroup;
			children = (
				49A044D422DB7CCF00FFB1DE /* ActivityTableViewCell.swift */,
				49A044CD22DB57A600FFB1DE /* CommentTableViewCell.swift */,
			);
			path = TableViewCells;
			sourceTree = "<group>";
		};
		49A044CF22DB57BF00FFB1DE /* Base */ = {
			isa = PBXGroup;
			children = (
				49A044D022DB57CB00FFB1DE /* TableViewCell.swift */,
			);
			path = Base;
			sourceTree = "<group>";
		};
/* End PBXGroup section */

/* Begin PBXNativeTarget section */
		49A0449222D9E17700FFB1DE /* KeyToTech */ = {
			isa = PBXNativeTarget;
			buildConfigurationList = 49A044A522D9E17800FFB1DE /* Build configuration list for PBXNativeTarget "KeyToTech" */;
			buildPhases = (
				49A0448F22D9E17700FFB1DE /* Sources */,
				49A0449022D9E17700FFB1DE /* Frameworks */,
				49A0449122D9E17700FFB1DE /* Resources */,
			);
			buildRules = (
			);
			dependencies = (
			);
			name = KeyToTech;
			productName = KeyToTech;
			productReference = 49A0449322D9E17700FFB1DE /* KeyToTech.app */;
			productType = "com.apple.product-type.application";
		};
/* End PBXNativeTarget section */

/* Begin PBXProject section */
		49A0448B22D9E17700FFB1DE /* Project object */ = {
			isa = PBXProject;
			attributes = {
				LastSwiftUpdateCheck = 1020;
				LastUpgradeCheck = 1020;
				ORGANIZATIONNAME = "Oleksii Lukashuk";
				TargetAttributes = {
					49A0449222D9E17700FFB1DE = {
						CreatedOnToolsVersion = 10.2.1;
					};
				};
			};
			buildConfigurationList = 49A0448E22D9E17700FFB1DE /* Build configuration list for PBXProject "KeyToTech" */;
			compatibilityVersion = "Xcode 9.3";
			developmentRegion = en;
			hasScannedForEncodings = 0;
			knownRegions = (
				en,
				Base,
			);
			mainGroup = 49A0448A22D9E17700FFB1DE;
			productRefGroup = 49A0449422D9E17700FFB1DE /* Products */;
			projectDirPath = "";
			projectRoot = "";
			targets = (
				49A0449222D9E17700FFB1DE /* KeyToTech */,
			);
		};
/* End PBXProject section */

/* Begin PBXResourcesBuildPhase section */
		49A0449122D9E17700FFB1DE /* Resources */ = {
			isa = PBXResourcesBuildPhase;
			buildActionMask = 2147483647;
			files = (
				49A044A122D9E17800FFB1DE /* LaunchScreen.storyboard in Resources */,
				49A0449E22D9E17800FFB1DE /* Assets.xcassets in Resources */,
			);
			runOnlyForDeploymentPostprocessing = 0;
		};
/* End PBXResourcesBuildPhase section */

/* Begin PBXSourcesBuildPhase section */
		49A0448F22D9E17700FFB1DE /* Sources */ = {
			isa = PBXSourcesBuildPhase;
			buildActionMask = 2147483647;
			files = (
				49A044D322DB588C00FFB1DE /* Reusable.swift in Sources */,
				49A044B022D9F9B800FFB1DE /* UIViewController+Alert.swift in Sources */,
				49A044D122DB57CB00FFB1DE /* TableViewCell.swift in Sources */,
				49A044BC22DB340600FFB1DE /* NetworkError.swift in Sources */,
				49A044C122DB345A00FFB1DE /* NetworkConstants.swift in Sources */,
				49A044A922D9E2D300FFB1DE /* InitialInputView.swift in Sources */,
				49A044D522DB7CCF00FFB1DE /* ActivityTableViewCell.swift in Sources */,
				49A044C422DB347C00FFB1DE /* Comment.swift in Sources */,
				49A0449922D9E17700FFB1DE /* InitialInputViewController.swift in Sources */,
				49A044B822DB2F3100FFB1DE /* NetworkManager.swift in Sources */,
				49A044CE22DB57A600FFB1DE /* CommentTableViewCell.swift in Sources */,
				49A044AE22D9F87500FFB1DE /* UIView+Extension.swift in Sources */,
				49A044B422DB2CB900FFB1DE /* InitialInputViewModel.swift in Sources */,
				49A044C622DB50C200FFB1DE /* ListOfCommentsView.swift in Sources */,
				49A044C822DB50CC00FFB1DE /* ListOfCommentsViewModel.swift in Sources */,
				49A044CA22DB50DA00FFB1DE /* ListOfCommentsViewController.swift in Sources */,
				49A0449722D9E17700FFB1DE /* AppDelegate.swift in Sources */,
				49A044BF22DB342E00FFB1DE /* Constants.swift in Sources */,
			);
			runOnlyForDeploymentPostprocessing = 0;
		};
/* End PBXSourcesBuildPhase section */

/* Begin PBXVariantGroup section */
		49A0449F22D9E17800FFB1DE /* LaunchScreen.storyboard */ = {
			isa = PBXVariantGroup;
			children = (
				49A044A022D9E17800FFB1DE /* Base */,
			);
			name = LaunchScreen.storyboard;
			sourceTree = "<group>";
		};
/* End PBXVariantGroup section */

/* Begin XCBuildConfiguration section */
		49A044A322D9E17800FFB1DE /* Debug */ = {
			isa = XCBuildConfiguration;
			buildSettings = {
				ALWAYS_SEARCH_USER_PATHS = NO;
				CLANG_ANALYZER_NONNULL = YES;
				CLANG_ANALYZER_NUMBER_OBJECT_CONVERSION = YES_AGGRESSIVE;
				CLANG_CXX_LANGUAGE_STANDARD = "gnu++14";
				CLANG_CXX_LIBRARY = "libc++";
				CLANG_ENABLE_MODULES = YES;
				CLANG_ENABLE_OBJC_ARC = YES;
				CLANG_ENABLE_OBJC_WEAK = YES;
				CLANG_WARN_BLOCK_CAPTURE_AUTORELEASING = YES;
				CLANG_WARN_BOOL_CONVERSION = YES;
				CLANG_WARN_COMMA = YES;
				CLANG_WARN_CONSTANT_CONVERSION = YES;
				CLANG_WARN_DEPRECATED_OBJC_IMPLEMENTATIONS = YES;
				CLANG_WARN_DIRECT_OBJC_ISA_USAGE = YES_ERROR;
				CLANG_WARN_DOCUMENTATION_COMMENTS = YES;
				CLANG_WARN_EMPTY_BODY = YES;
				CLANG_WARN_ENUM_CONVERSION = YES;
				CLANG_WARN_INFINITE_RECURSION = YES;
				CLANG_WARN_INT_CONVERSION = YES;
				CLANG_WARN_NON_LITERAL_NULL_CONVERSION = YES;
				CLANG_WARN_OBJC_IMPLICIT_RETAIN_SELF = YES;
				CLANG_WARN_OBJC_LITERAL_CONVERSION = YES;
				CLANG_WARN_OBJC_ROOT_CLASS = YES_ERROR;
				CLANG_WARN_RANGE_LOOP_ANALYSIS = YES;
				CLANG_WARN_STRICT_PROTOTYPES = YES;
				CLANG_WARN_SUSPICIOUS_MOVE = YES;
				CLANG_WARN_UNGUARDED_AVAILABILITY = YES_AGGRESSIVE;
				CLANG_WARN_UNREACHABLE_CODE = YES;
				CLANG_WARN__DUPLICATE_METHOD_MATCH = YES;
				CODE_SIGN_IDENTITY = "iPhone Developer";
				COPY_PHASE_STRIP = NO;
				DEBUG_INFORMATION_FORMAT = dwarf;
				ENABLE_STRICT_OBJC_MSGSEND = YES;
				ENABLE_TESTABILITY = YES;
				GCC_C_LANGUAGE_STANDARD = gnu11;
				GCC_DYNAMIC_NO_PIC = NO;
				GCC_NO_COMMON_BLOCKS = YES;
				GCC_OPTIMIZATION_LEVEL = 0;
				GCC_PREPROCESSOR_DEFINITIONS = (
					"DEBUG=1",
					"$(inherited)",
				);
				GCC_WARN_64_TO_32_BIT_CONVERSION = YES;
				GCC_WARN_ABOUT_RETURN_TYPE = YES_ERROR;
				GCC_WARN_UNDECLARED_SELECTOR = YES;
				GCC_WARN_UNINITIALIZED_AUTOS = YES_AGGRESSIVE;
				GCC_WARN_UNUSED_FUNCTION = YES;
				GCC_WARN_UNUSED_VARIABLE = YES;
				IPHONEOS_DEPLOYMENT_TARGET = 12.2;
				MTL_ENABLE_DEBUG_INFO = INCLUDE_SOURCE;
				MTL_FAST_MATH = YES;
				ONLY_ACTIVE_ARCH = YES;
				SDKROOT = iphoneos;
				SWIFT_ACTIVE_COMPILATION_CONDITIONS = DEBUG;
				SWIFT_OPTIMIZATION_LEVEL = "-Onone";
			};
			name = Debug;
		};
		49A044A422D9E17800FFB1DE /* Release */ = {
			isa = XCBuildConfiguration;
			buildSettings = {
				ALWAYS_SEARCH_USER_PATHS = NO;
				CLANG_ANALYZER_NONNULL = YES;
				CLANG_ANALYZER_NUMBER_OBJECT_CONVERSION = YES_AGGRESSIVE;
				CLANG_CXX_LANGUAGE_STANDARD = "gnu++14";
				CLANG_CXX_LIBRARY = "libc++";
				CLANG_ENABLE_MODULES = YES;
				CLANG_ENABLE_OBJC_ARC = YES;
				CLANG_ENABLE_OBJC_WEAK = YES;
				CLANG_WARN_BLOCK_CAPTURE_AUTORELEASING = YES;
				CLANG_WARN_BOOL_CONVERSION = YES;
				CLANG_WARN_COMMA = YES;
				CLANG_WARN_CONSTANT_CONVERSION = YES;
				CLANG_WARN_DEPRECATED_OBJC_IMPLEMENTATIONS = YES;
				CLANG_WARN_DIRECT_OBJC_ISA_USAGE = YES_ERROR;
				CLANG_WARN_DOCUMENTATION_COMMENTS = YES;
				CLANG_WARN_EMPTY_BODY = YES;
				CLANG_WARN_ENUM_CONVERSION = YES;
				CLANG_WARN_INFINITE_RECURSION = YES;
				CLANG_WARN_INT_CONVERSION = YES;
				CLANG_WARN_NON_LITERAL_NULL_CONVERSION = YES;
				CLANG_WARN_OBJC_IMPLICIT_RETAIN_SELF = YES;
				CLANG_WARN_OBJC_LITERAL_CONVERSION = YES;
				CLANG_WARN_OBJC_ROOT_CLASS = YES_ERROR;
				CLANG_WARN_RANGE_LOOP_ANALYSIS = YES;
				CLANG_WARN_STRICT_PROTOTYPES = YES;
				CLANG_WARN_SUSPICIOUS_MOVE = YES;
				CLANG_WARN_UNGUARDED_AVAILABILITY = YES_AGGRESSIVE;
				CLANG_WARN_UNREACHABLE_CODE = YES;
				CLANG_WARN__DUPLICATE_METHOD_MATCH = YES;
				CODE_SIGN_IDENTITY = "iPhone Developer";
				COPY_PHASE_STRIP = NO;
				DEBUG_INFORMATION_FORMAT = "dwarf-with-dsym";
				ENABLE_NS_ASSERTIONS = NO;
				ENABLE_STRICT_OBJC_MSGSEND = YES;
				GCC_C_LANGUAGE_STANDARD = gnu11;
				GCC_NO_COMMON_BLOCKS = YES;
				GCC_WARN_64_TO_32_BIT_CONVERSION = YES;
				GCC_WARN_ABOUT_RETURN_TYPE = YES_ERROR;
				GCC_WARN_UNDECLARED_SELECTOR = YES;
				GCC_WARN_UNINITIALIZED_AUTOS = YES_AGGRESSIVE;
				GCC_WARN_UNUSED_FUNCTION = YES;
				GCC_WARN_UNUSED_VARIABLE = YES;
				IPHONEOS_DEPLOYMENT_TARGET = 12.2;
				MTL_ENABLE_DEBUG_INFO = NO;
				MTL_FAST_MATH = YES;
				SDKROOT = iphoneos;
				SWIFT_COMPILATION_MODE = wholemodule;
				SWIFT_OPTIMIZATION_LEVEL = "-O";
				VALIDATE_PRODUCT = YES;
			};
			name = Release;
		};
		49A044A622D9E17800FFB1DE /* Debug */ = {
			isa = XCBuildConfiguration;
			buildSettings = {
				ASSETCATALOG_COMPILER_APPICON_NAME = AppIcon;
				CODE_SIGN_STYLE = Automatic;
				DEVELOPMENT_TEAM = K8WW2B34RU;
				INFOPLIST_FILE = KeyToTech/Info.plist;
				IPHONEOS_DEPLOYMENT_TARGET = 10.0;
				LD_RUNPATH_SEARCH_PATHS = (
					"$(inherited)",
					"@executable_path/Frameworks",
				);
				PRODUCT_BUNDLE_IDENTIFIER = com.keytotech.test.project.KeyToTech;
				PRODUCT_NAME = "$(TARGET_NAME)";
				SWIFT_VERSION = 5.0;
				TARGETED_DEVICE_FAMILY = "1,2";
			};
			name = Debug;
		};
		49A044A722D9E17800FFB1DE /* Release */ = {
			isa = XCBuildConfiguration;
			buildSettings = {
				ASSETCATALOG_COMPILER_APPICON_NAME = AppIcon;
				CODE_SIGN_STYLE = Automatic;
				DEVELOPMENT_TEAM = K8WW2B34RU;
				INFOPLIST_FILE = KeyToTech/Info.plist;
				IPHONEOS_DEPLOYMENT_TARGET = 10.0;
				LD_RUNPATH_SEARCH_PATHS = (
					"$(inherited)",
					"@executable_path/Frameworks",
				);
				PRODUCT_BUNDLE_IDENTIFIER = com.keytotech.test.project.KeyToTech;
				PRODUCT_NAME = "$(TARGET_NAME)";
				SWIFT_VERSION = 5.0;
				TARGETED_DEVICE_FAMILY = "1,2";
			};
			name = Release;
		};
/* End XCBuildConfiguration section */

/* Begin XCConfigurationList section */
		49A0448E22D9E17700FFB1DE /* Build configuration list for PBXProject "KeyToTech" */ = {
			isa = XCConfigurationList;
			buildConfigurations = (
				49A044A322D9E17800FFB1DE /* Debug */,
				49A044A422D9E17800FFB1DE /* Release */,
			);
			defaultConfigurationIsVisible = 0;
			defaultConfigurationName = Release;
		};
		49A044A522D9E17800FFB1DE /* Build configuration list for PBXNativeTarget "KeyToTech" */ = {
			isa = XCConfigurationList;
			buildConfigurations = (
				49A044A622D9E17800FFB1DE /* Debug */,
				49A044A722D9E17800FFB1DE /* Release */,
			);
			defaultConfigurationIsVisible = 0;
			defaultConfigurationName = Release;
		};
/* End XCConfigurationList section */
	};
	rootObject = 49A0448B22D9E17700FFB1DE /* Project object */;
}
